
Microsoft Visual Studio Solution File, Format Version 12.00
Project("{FAE04EC0-301F-11D3-BF4B-00C04F79EFBC}") = "ConsoleDockerDefinitivo", "ConsoleDockerDefinitivo\ConsoleDockerDefinitivo.csproj", "{ABDFC5CA-6085-48D6-A309-B8711A692A5F}"
EndProject
Global
	GlobalSection(SolutionConfigurationPlatforms) = preSolution
		Debug|Any CPU = Debug|Any CPU
		Release|Any CPU = Release|Any CPU
	EndGlobalSection
	GlobalSection(ProjectConfigurationPlatforms) = postSolution
		{ABDFC5CA-6085-48D6-A309-B8711A692A5F}.Debug|Any CPU.ActiveCfg = Debug|Any CPU
		{ABDFC5CA-6085-48D6-A309-B8711A692A5F}.Debug|Any CPU.Build.0 = Debug|Any CPU
		{ABDFC5CA-6085-48D6-A309-B8711A692A5F}.Release|Any CPU.ActiveCfg = Release|Any CPU
		{ABDFC5CA-6085-48D6-A309-B8711A692A5F}.Release|Any CPU.Build.0 = Release|Any CPU
	EndGlobalSection
EndGlobal
